
Microsoft Visual Studio Solution File, Format Version 12.00
# Visual Studio Version 17
VisualStudioVersion = 17.0.31903.59
MinimumVisualStudioVersion = 10.0.40219.1
Project("{9A19103F-16F7-4668-BE54-9A1E7A4F7556}") = "Books.Core", "Books.Core\Books.Core.csproj", "{48191B28-F55F-44BA-B165-0979FA8CDE16}"
EndProject
Project("{9A19103F-16F7-4668-BE54-9A1E7A4F7556}") = "Books.Web", "Books.Web\Books.Web.csproj", "{B8236093-C6F4-4F96-99B3-56431FE3A709}"
EndProject
Project("{9A19103F-16F7-4668-BE54-9A1E7A4F7556}") = "Books.Manage", "Books.Manage\Books.Manage.csproj", "{3D511865-4465-47D6-BC7A-AFCAA181838D}"
EndProject
Project("{FAE04EC0-301F-11D3-BF4B-00C04F79EFBC}") = "Books.Admin", "Books.Admin\Books.Admin.csproj", "{8120BA43-E378-43E3-B9CA-7195BA9AF634}"
EndProject
Global
	GlobalSection(SolutionConfigurationPlatforms) = preSolution
		Debug|Any CPU = Debug|Any CPU
		Release|Any CPU = Release|Any CPU
	EndGlobalSection
	GlobalSection(ProjectConfigurationPlatforms) = postSolution
		{48191B28-F55F-44BA-B165-0979FA8CDE16}.Debug|Any CPU.ActiveCfg = Debug|Any CPU
		{48191B28-F55F-44BA-B165-0979FA8CDE16}.Debug|Any CPU.Build.0 = Debug|Any CPU
		{48191B28-F55F-44BA-B165-0979FA8CDE16}.Release|Any CPU.ActiveCfg = Release|Any CPU
		{48191B28-F55F-44BA-B165-0979FA8CDE16}.Release|Any CPU.Build.0 = Release|Any CPU
		{B8236093-C6F4-4F96-99B3-56431FE3A709}.Debug|Any CPU.ActiveCfg = Debug|Any CPU
		{B8236093-C6F4-4F96-99B3-56431FE3A709}.Debug|Any CPU.Build.0 = Debug|Any CPU
		{B8236093-C6F4-4F96-99B3-56431FE3A709}.Release|Any CPU.ActiveCfg = Release|Any CPU
		{B8236093-C6F4-4F96-99B3-56431FE3A709}.Release|Any CPU.Build.0 = Release|Any CPU
		{3D511865-4465-47D6-BC7A-AFCAA181838D}.Debug|Any CPU.ActiveCfg = Debug|Any CPU
		{3D511865-4465-47D6-BC7A-AFCAA181838D}.Debug|Any CPU.Build.0 = Debug|Any CPU
		{3D511865-4465-47D6-BC7A-AFCAA181838D}.Release|Any CPU.ActiveCfg = Release|Any CPU
		{3D511865-4465-47D6-BC7A-AFCAA181838D}.Release|Any CPU.Build.0 = Release|Any CPU
		{8120BA43-E378-43E3-B9CA-7195BA9AF634}.Debug|Any CPU.ActiveCfg = Debug|Any CPU
		{8120BA43-E378-43E3-B9CA-7195BA9AF634}.Debug|Any CPU.Build.0 = Debug|Any CPU
		{8120BA43-E378-43E3-B9CA-7195BA9AF634}.Release|Any CPU.ActiveCfg = Release|Any CPU
		{8120BA43-E378-43E3-B9CA-7195BA9AF634}.Release|Any CPU.Build.0 = Release|Any CPU
	EndGlobalSection
	GlobalSection(SolutionProperties) = preSolution
		HideSolutionNode = FALSE
	EndGlobalSection
	GlobalSection(ExtensibilityGlobals) = postSolution
		SolutionGuid = {B191B1AB-B92A-4058-825B-DC456FCC3394}
	EndGlobalSection
EndGlobal
